
Microsoft Visual Studio Solution File, Format Version 11.00
# Visual C# Express 2010
Project("{FAE04EC0-301F-11D3-BF4B-00C04F79EFBC}") = "IterableFifoQueue", "IterableFifoQueue.csproj", "{84A4AD6A-6777-4292-AF83-6F900C3B7C3B}"
EndProject
Project("{FAE04EC0-301F-11D3-BF4B-00C04F79EFBC}") = "IterableFifoQueueTest", "..\IterableFifoQueueTest\IterableFifoQueueTest.csproj", "{C643E5AD-BCA0-4343-8CED-D9C3F3F91CBB}"
EndProject
Global
	GlobalSection(SolutionConfigurationPlatforms) = preSolution
		Debug|Any CPU = Debug|Any CPU
		Release|Any CPU = Release|Any CPU
	EndGlobalSection
	GlobalSection(ProjectConfigurationPlatforms) = postSolution
		{84A4AD6A-6777-4292-AF83-6F900C3B7C3B}.Debug|Any CPU.ActiveCfg = Debug|Any CPU
		{84A4AD6A-6777-4292-AF83-6F900C3B7C3B}.Debug|Any CPU.Build.0 = Debug|Any CPU
		{84A4AD6A-6777-4292-AF83-6F900C3B7C3B}.Release|Any CPU.ActiveCfg = Release|Any CPU
		{84A4AD6A-6777-4292-AF83-6F900C3B7C3B}.Release|Any CPU.Build.0 = Release|Any CPU
		{C643E5AD-BCA0-4343-8CED-D9C3F3F91CBB}.Debug|Any CPU.ActiveCfg = Debug|Any CPU
		{C643E5AD-BCA0-4343-8CED-D9C3F3F91CBB}.Debug|Any CPU.Build.0 = Debug|Any CPU
		{C643E5AD-BCA0-4343-8CED-D9C3F3F91CBB}.Release|Any CPU.ActiveCfg = Release|Any CPU
		{C643E5AD-BCA0-4343-8CED-D9C3F3F91CBB}.Release|Any CPU.Build.0 = Release|Any CPU
	EndGlobalSection
	GlobalSection(SolutionProperties) = preSolution
		HideSolutionNode = FALSE
	EndGlobalSection
EndGlobal
